# This file is automatically @generated by Cargo.
# It is not intended for manual editing.
[[package]]
name = "doughnut"
version = "0.1.0"
dependencies = [
 "hashbrown 0.3.0 (registry+https://github.com/rust-lang/crates.io-index)",
]

[[package]]
name = "hashbrown"
version = "0.3.0"
source = "registry+https://github.com/rust-lang/crates.io-index"

[metadata]
"checksum hashbrown 0.3.0 (registry+https://github.com/rust-lang/crates.io-index)" = "570178d5e4952010d138b0f1d581271ff3a02406d990f887d1e87e3d6e43b0ac"
