# This file is automatically @generated by Cargo.
# It is not intended for manual editing.
[[package]]
name = "bit_reverse"
version = "0.1.7"
source = "registry+https://github.com/rust-lang/crates.io-index"

[[package]]
name = "doughnut"
version = "0.1.0"
dependencies = [
 "bit_reverse 0.1.7 (registry+https://github.com/rust-lang/crates.io-index)",
 "hashbrown 0.3.0 (registry+https://github.com/rust-lang/crates.io-index)",
]

[[package]]
name = "hashbrown"
version = "0.3.0"
source = "registry+https://github.com/rust-lang/crates.io-index"

[metadata]
"checksum bit_reverse 0.1.7 (registry+https://github.com/rust-lang/crates.io-index)" = "5e97e02db5a2899c0377f3d6031d5da8296ca2b47abef6ed699de51b9e40a28c"
"checksum hashbrown 0.3.0 (registry+https://github.com/rust-lang/crates.io-index)" = "570178d5e4952010d138b0f1d581271ff3a02406d990f887d1e87e3d6e43b0ac"
